PODS:
  - AppTemplateLib (0.0.11):
    - AppTemplateLib/Model (= 0.0.11)
    - AppTemplateLib/UI (= 0.0.11)
    - AppTemplateLib/Utility (= 0.0.11)
  - AppTemplateLib/Model (0.0.11):
    - AppTemplateLib/Utility
  - AppTemplateLib/UI (0.0.11):
    - AppTemplateLib/Utility
  - AppTemplateLib/Utility (0.0.11)

DEPENDENCIES:
  - AppTemplateLib (from `https://github.com/linzhiman/AppTemplateLib/blob/master/AppTemplateLib.podspec?raw=1`)

EXTERNAL SOURCES:
  AppTemplateLib:
    :podspec: https://github.com/linzhiman/AppTemplateLib/blob/master/AppTemplateLib.podspec?raw=1

SPEC CHECKSUMS:
  AppTemplateLib: c5471d13d4b8484e45fce9d3d74ff1d0e98ece83

PODFILE CHECKSUM: 880bd366b9a0089eb07b6142e706b5cdc7e283ff

COCOAPODS: 1.0.1
