PODS:
  - AppTemplateLib (0.0.4):
    - AppTemplateLib/Model (= 0.0.4)
    - AppTemplateLib/UI (= 0.0.4)
    - AppTemplateLib/Utility (= 0.0.4)
  - AppTemplateLib/Model (0.0.4):
    - AppTemplateLib/Utility
  - AppTemplateLib/UI (0.0.4):
    - AppTemplateLib/Utility
  - AppTemplateLib/Utility (0.0.4)

DEPENDENCIES:
  - AppTemplateLib (= 0.0.4)

SPEC CHECKSUMS:
  AppTemplateLib: e1808062fce28123730d6d3f57c724c259722868

PODFILE CHECKSUM: 6e902dca99b2f1815d80e77d94fe753bf3b55986

COCOAPODS: 1.0.1
